<?xml version="1.0" encoding="utf-8"?>
<Project ToolsVersion="4.0" xmlns="http://schemas.microsoft.com/developer/msbuild/2003">
  <ItemGroup>
    <Filter Include="Assets">
      <UniqueIdentifier>{aa2dff80-cc46-4aaa-9c9e-7784c2a0cdf0}</UniqueIdentifier>
    </Filter>
    <Filter Include="Assets\modelData">
      <UniqueIdentifier>{a27dfd5d-af93-4623-b084-aad00b7739c4}</UniqueIdentifier>
    </Filter>
    <Filter Include="character">
      <UniqueIdentifier>{c57b7107-f9f3-4b72-8f3e-8644593ed533}</UniqueIdentifier>
    </Filter>
    <Filter Include="graphics">
      <UniqueIdentifier>{b7a9a0ab-a792-43fe-a5a7-760b8c976aca}</UniqueIdentifier>
    </Filter>
    <Filter Include="graphics\animation">
      <UniqueIdentifier>{d83ac002-5cd8-4ff4-977a-e7b5ebce5263}</UniqueIdentifier>
    </Filter>
    <Filter Include="level">
      <UniqueIdentifier>{73eacaf4-a5db-4539-ab55-83b9c5d4807c}</UniqueIdentifier>
    </Filter>
    <Filter Include="HID">
      <UniqueIdentifier>{bbdeed04-d9d3-4ff9-bb44-9d888be6899a}</UniqueIdentifier>
    </Filter>
    <Filter Include="math">
      <UniqueIdentifier>{39e7f303-3dac-4bde-bedf-33a5497f262e}</UniqueIdentifier>
    </Filter>
    <Filter Include="physics">
      <UniqueIdentifier>{1eed4cab-11aa-4e90-960a-a01360c5a392}</UniqueIdentifier>
    </Filter>
    <Filter Include="system">
      <UniqueIdentifier>{48b58c60-bbe2-40d8-9d2f-e81d065b6820}</UniqueIdentifier>
    </Filter>
    <Filter Include="Assets\Level">
      <UniqueIdentifier>{e27dd044-e5f0-4137-b07a-6b78d1f01c5f}</UniqueIdentifier>
    </Filter>
    <Filter Include="ヘッダー">
      <UniqueIdentifier>{c8faedce-7ae6-4c7a-a3b9-2b947b3bd1ac}</UniqueIdentifier>
    </Filter>
    <Filter Include="ソース">
      <UniqueIdentifier>{f5440312-e8c4-47c3-9d50-74172ab68085}</UniqueIdentifier>
    </Filter>
  </ItemGroup>
  <ItemGroup>
    <ClCompile Include="math\Vector.cpp">
      <Filter>math</Filter>
    </ClCompile>
    <ClCompile Include="math\kMath.cpp">
      <Filter>math</Filter>
    </ClCompile>
    <ClCompile Include="math\Matrix.cpp">
      <Filter>math</Filter>
    </ClCompile>
    <ClCompile Include="graphics\GraphicsEngine.cpp">
      <Filter>graphics</Filter>
    </ClCompile>
    <ClCompile Include="graphics\SkinModel.cpp">
      <Filter>graphics</Filter>
    </ClCompile>
    <ClCompile Include="graphics\SkinModelDataManager.cpp">
      <Filter>graphics</Filter>
    </ClCompile>
    <ClCompile Include="graphics\Skeleton.cpp">
      <Filter>graphics</Filter>
    </ClCompile>
    <ClCompile Include="graphics\SkinModelEffect.cpp">
      <Filter>graphics</Filter>
    </ClCompile>
    <ClCompile Include="graphics\Shader.cpp">
      <Filter>graphics</Filter>
    </ClCompile>
    <ClCompile Include="graphics\ShaderResources.cpp">
      <Filter>graphics</Filter>
    </ClCompile>
    <ClCompile Include="graphics\animation\Animation.cpp">
      <Filter>graphics\animation</Filter>
    </ClCompile>
    <ClCompile Include="graphics\animation\AnimationClip.cpp">
      <Filter>graphics\animation</Filter>
    </ClCompile>
    <ClCompile Include="graphics\animation\AnimationPlayController.cpp">
      <Filter>graphics\animation</Filter>
    </ClCompile>
    <ClCompile Include="HID\Pad.cpp">
      <Filter>HID</Filter>
    </ClCompile>
    <ClCompile Include="system\system.cpp">
      <Filter>system</Filter>
    </ClCompile>
    <ClCompile Include="graphics\Camera.cpp">
      <Filter>graphics</Filter>
    </ClCompile>
    <ClCompile Include="physics\RigidBody.cpp">
      <Filter>physics</Filter>
    </ClCompile>
    <ClCompile Include="physics\Physics.cpp">
      <Filter>physics</Filter>
    </ClCompile>
    <ClCompile Include="physics\MeshCollider.cpp">
      <Filter>physics</Filter>
    </ClCompile>
    <ClCompile Include="physics\CapsuleCollider.cpp">
      <Filter>physics</Filter>
    </ClCompile>
    <ClCompile Include="physics\PhysicsStaticObject.cpp">
      <Filter>physics</Filter>
    </ClCompile>
    <ClCompile Include="character\CharacterController.cpp">
      <Filter>character</Filter>
    </ClCompile>
    <ClCompile Include="level\Level.cpp">
      <Filter>level</Filter>
    </ClCompile>
    <ClCompile Include="level\MapChip.cpp">
      <Filter>level</Filter>
    </ClCompile>
    <ClCompile Include="graphics\Sprite.cpp" />
    <ClCompile Include="graphics\c3dmodel\C3DModelDraw.cpp" />
    <ClCompile Include="graphics\c3dmodel\C3DModelEffect.cpp" />
    <ClCompile Include="physics\PhysicsGhostObject.cpp" />
    <ClCompile Include="physics\BoxCollider.cpp" />
    <ClCompile Include="sound\SoundSource.cpp" />
    <ClCompile Include="sound\SoundEngine.cpp" />
    <ClCompile Include="sound\WaveFile.cpp" />
    <ClCompile Include="sound\WaveFileBank.cpp" />
    <ClCompile Include="graphics\SpriteRender.cpp" />
    <ClCompile Include="graphics\2Dgraphics\Font.cpp" />
    <ClCompile Include="ITEM\RecoveryITEM.cpp" />
    <ClCompile Include="GameSystem\GameClear.cpp" />
    <ClCompile Include="Chara\Enemys.cpp" />
    <ClCompile Include="Chara\Player.cpp">
      <Filter>ソース</Filter>
    </ClCompile>
    <ClCompile Include="Chara\StoneEnemy.cpp" />
    <ClCompile Include="Chara\Titan.cpp" />
    <ClCompile Include="Chara\Golem.cpp" />
    <ClCompile Include="Chara\Boss.cpp" />
    <ClCompile Include="GameSystem\ChangeScreen.cpp" />
    <ClCompile Include="GameSystem\GameCamera.cpp">
      <Filter>ソース</Filter>
    </ClCompile>
    <ClCompile Include="GameSystem\Title.cpp" />
    <ClCompile Include="GameSystem\Fade.cpp" />
    <ClCompile Include="GameSystem\GameOver.cpp" />
    <ClCompile Include="Chara\StoneGolem.cpp" />
    <ClCompile Include="stdafx.cpp">
      <Filter>ソース</Filter>
    </ClCompile>
    <ClCompile Include="graphics\shadow\ShadowMap.cpp" />
    <ClCompile Include="graphics\shadow\CascadeShadowMap.cpp" />
    <ClCompile Include="graphics\postEffect\Bloom.cpp" />
    <ClCompile Include="graphics\postEffect\GaussianBlur.cpp" />
    <ClCompile Include="graphics\postEffect\PostEffect.cpp" />
    <ClCompile Include="Text\HPText.cpp" />
    <ClCompile Include="Text\EnergyText.cpp" />
    <ClCompile Include="Game\Game.cpp" />
    <ClCompile Include="Game\GameObject.cpp">
      <Filter>ソース</Filter>
    </ClCompile>
    <ClCompile Include="Game\GameObjectManajer.cpp">
      <Filter>ソース</Filter>
    </ClCompile>
    <ClCompile Include="Game\main.cpp">
      <Filter>ソース</Filter>
    </ClCompile>
    <ClCompile Include="Game\MAP.cpp">
      <Filter>ソース</Filter>
    </ClCompile>
    <ClCompile Include="graphics\RenderTarget.cpp" />
    <ClCompile Include="graphics\2Dgraphics\CEffektEngine.cpp" />
    <ClCompile Include="Debug\DebugWireframe.cpp" />
    <ClCompile Include="Object\Door.cpp" />
    <ClCompile Include="Object\ITEMBox.cpp" />
    <ClCompile Include="Object\Wall.cpp" />
  </ItemGroup>
  <ItemGroup>
    <ClInclude Include="math\Vector.h">
      <Filter>math</Filter>
    </ClInclude>
    <ClInclude Include="math\kMath.h">
      <Filter>math</Filter>
    </ClInclude>
    <ClInclude Include="math\Matrix.h">
      <Filter>math</Filter>
    </ClInclude>
    <ClInclude Include="graphics\GraphicsEngine.h">
      <Filter>graphics</Filter>
    </ClInclude>
    <ClInclude Include="graphics\SkinModel.h">
      <Filter>graphics</Filter>
    </ClInclude>
    <ClInclude Include="graphics\SkinModelDataManager.h">
      <Filter>graphics</Filter>
    </ClInclude>
    <ClInclude Include="graphics\Skeleton.h">
      <Filter>graphics</Filter>
    </ClInclude>
    <ClInclude Include="graphics\SkinModelEffect.h">
      <Filter>graphics</Filter>
    </ClInclude>
    <ClInclude Include="graphics\Shader.h">
      <Filter>graphics</Filter>
    </ClInclude>
    <ClInclude Include="graphics\SkinModelShaderConst.h">
      <Filter>graphics</Filter>
    </ClInclude>
    <ClInclude Include="graphics\ShaderResources.h">
      <Filter>graphics</Filter>
    </ClInclude>
    <ClInclude Include="graphics\animation\Animation.h">
      <Filter>graphics\animation</Filter>
    </ClInclude>
    <ClInclude Include="graphics\animation\AnimationClip.h">
      <Filter>graphics\animation</Filter>
    </ClInclude>
    <ClInclude Include="graphics\animation\AnimationPlayController.h">
      <Filter>graphics\animation</Filter>
    </ClInclude>
    <ClInclude Include="HID\Pad.h">
      <Filter>HID</Filter>
    </ClInclude>
    <ClInclude Include="system\system.h">
      <Filter>system</Filter>
    </ClInclude>
    <ClInclude Include="graphics\Camera.h">
      <Filter>graphics</Filter>
    </ClInclude>
    <ClInclude Include="physics\RigidBody.h">
      <Filter>physics</Filter>
    </ClInclude>
    <ClInclude Include="physics\Physics.h">
      <Filter>physics</Filter>
    </ClInclude>
    <ClInclude Include="physics\ICollider.h">
      <Filter>physics</Filter>
    </ClInclude>
    <ClInclude Include="physics\MeshCollider.h">
      <Filter>physics</Filter>
    </ClInclude>
    <ClInclude Include="physics\CapsuleCollider.h">
      <Filter>physics</Filter>
    </ClInclude>
    <ClInclude Include="physics\CollisionAttr.h">
      <Filter>physics</Filter>
    </ClInclude>
    <ClInclude Include="physics\PhysicsStaticObject.h">
      <Filter>physics</Filter>
    </ClInclude>
    <ClInclude Include="character\CharacterController.h">
      <Filter>character</Filter>
    </ClInclude>
    <ClInclude Include="level\Level.h">
      <Filter>level</Filter>
    </ClInclude>
    <ClInclude Include="level\MapChip.h">
      <Filter>level</Filter>
    </ClInclude>
    <ClInclude Include="stdafx.h">
      <Filter>ヘッダー</Filter>
    </ClInclude>
    <ClInclude Include="graphics\Sprite.h" />
    <ClInclude Include="graphics\c3dmodel\C3DModelDraw.h" />
    <ClInclude Include="graphics\c3dmodel\C3DModelEffect.h" />
    <ClInclude Include="physics\PhysicsGhostObject.h" />
    <ClInclude Include="physics\BoxCollider.h" />
    <ClInclude Include="sound\SoundSource.h" />
    <ClInclude Include="sound\SoundEngine.h" />
    <ClInclude Include="sound\WaveFile.h" />
    <ClInclude Include="sound\WaveFileBank.h" />
    <ClInclude Include="graphics\SpriteRender.h" />
    <ClInclude Include="graphics\2Dgraphics\Font.h" />
    <ClInclude Include="ITEM\RecoveryITEM.h" />
    <ClInclude Include="GameSystem\GameClear.h" />
    <ClInclude Include="Chara\Boss.h" />
    <ClInclude Include="Chara\Titan.h" />
    <ClInclude Include="Chara\StoneEnemy.h" />
    <ClInclude Include="Chara\Player.h">
      <Filter>ヘッダー</Filter>
    </ClInclude>
    <ClInclude Include="Chara\Golem.h" />
    <ClInclude Include="Chara\Enemys.h" />
    <ClInclude Include="GameSystem\ChangeScreen.h" />
    <ClInclude Include="GameSystem\GameConst.h" />
    <ClInclude Include="GameSystem\GameCamera.h">
      <Filter>ヘッダー</Filter>
    </ClInclude>
    <ClInclude Include="GameSystem\Title.h" />
    <ClInclude Include="GameSystem\Fade.h" />
    <ClInclude Include="GameSystem\GameOver.h" />
    <ClInclude Include="Chara\StoneGolem.h" />
    <ClInclude Include="system\GameTime.h" />
    <ClInclude Include="system\Stopwatch.h" />
    <ClInclude Include="graphics\shadow\ShadowMap.h" />
    <ClInclude Include="graphics\shadow\CascadeShadowMap.h" />
    <ClInclude Include="graphics\postEffect\Bloom.h" />
    <ClInclude Include="graphics\postEffect\GaussianBlur.h" />
    <ClInclude Include="graphics\postEffect\PostEffect.h" />
    <ClInclude Include="Text\HPText.h" />
    <ClInclude Include="Text\EnergyText.h" />
    <ClInclude Include="Game\Game.h" />
    <ClInclude Include="Game\GameObject.h">
      <Filter>ヘッダー</Filter>
    </ClInclude>
    <ClInclude Include="Game\GameObjectManajer.h">
      <Filter>ヘッダー</Filter>
    </ClInclude>
    <ClInclude Include="Game\MAP.h">
      <Filter>ヘッダー</Filter>
    </ClInclude>
    <ClInclude Include="graphics\RenderTarget.h" />
    <ClInclude Include="graphics\2Dgraphics\CEffektEngine.h" />
    <ClInclude Include="Debug\DebugWireframe.h" />
    <ClInclude Include="Object\Door.h" />
    <ClInclude Include="Object\ITEMBox.h" />
    <ClInclude Include="Object\Wall.h" />
  </ItemGroup>
  <ItemGroup>
    <MeshContentTask Include="Assets\animData\attack.FBX" />
  </ItemGroup>
  <ItemGroup>
    <None Include="Assets\level\Map01.tkl">
      <Filter>Assets\Level</Filter>
    </None>
    <None Include="Assets\animData\damage.tka" />
    <None Include="Assets\animData\death.tka" />
    <None Include="Assets\animData\idle.tka" />
    <None Include="Assets\animData\attack.tka" />
    <None Include="..\..\..\..\..\..\..\tkEngine2\Sample\RPGBattle\Game\Assets\modelData\Thethief_H.tks" />
    <None Include="Assets\modelData\enemy_00.tks" />
    <None Include="Assets\animData\RE1_idle.tka" />
    <None Include="Assets\animData\RE1_walk.tka" />
    <None Include="Assets\animData\RE1_death.tka" />
    <None Include="Assets\animData\P_idle.tka" />
    <None Include="Assets\animData\P_walk.tka" />
    <None Include="Assets\animData\RE1_ATK.tka" />
    <None Include="Assets\level\FirstStage.tkl" />
    <None Include="Assets\animData\RB_walk.tka" />
    <None Include="Assets\animData\RB_death.tka" />
    <None Include="Assets\animData\RB_idle.tka" />
    <None Include="Assets\animData\RB_shortATK.tka" />
    <None Include="Assets\animData\RB_BigATK.tka" />
    <None Include="Assets\animData\RB_FlyMove.tka" />
    <None Include="Assets\animData\RB_HitDamage.tka" />
    <None Include="Assets\animData\box_open.tka" />
    <None Include="Assets\animData\box_idle.tka" />
    <None Include="Assets\level\Stage1.tkl" />
    <None Include="Assets\level\debugStage.tkl" />
    <None Include="Assets\effect\test.efk" />
    <None Include="Assets\effect\RobbotEnemyAttack.efk" />
    <None Include="Assets\effect\Boost.efk" />
    <None Include="Assets\animData\RE2_L_Attack.tka" />
    <None Include="Assets\animData\RE2_Move.tka" />
    <None Include="Assets\animData\RE2_R_Attack.tka" />
    <None Include="Assets\animData\RE2_Death.tka" />
    <None Include="Assets\animData\RE2_Idle.tka" />
    <None Include="Assets\effect\Wind.efk" />
    <None Include="Assets\animData\heal_rot.tka" />
    <None Include="Assets\effect\heal.efk" />
    <None Include="Assets\animData\P_FlyMove.tka" />
    <None Include="Assets\modelData\unityChan.fbx">
      <Filter>Assets\modelData</Filter>
    </None>
    <None Include="Assets\animData\Wall_idle.tka" />
    <None Include="Assets\animData\Wall_Move.tka" />
    <None Include="Assets\sprite\AGO.JPG" />
    <None Include="Assets\sprite\Change.png" />
    <None Include="Assets\sprite\Energy.jpg" />
    <None Include="Assets\sprite\fade.png" />
    <None Include="Assets\sprite\GameClear.png" />
    <None Include="Assets\sprite\GameOver.png" />
    <None Include="Assets\sprite\glass.jpg" />
    <None Include="Assets\sprite\Midori.jpg" />
    <None Include="Assets\sprite\title1.png" />
    <None Include="Assets\modelData\Ago.fbx" />
    <None Include="Assets\modelData\BOX.fbx" />
    <None Include="Assets\modelData\Door.fbx" />
    <None Include="Assets\modelData\enemy_00.FBX">
      <Filter>Assets\modelData</Filter>
    </None>
    <None Include="Assets\modelData\Enemy1.FBX" />
    <None Include="Assets\modelData\Enemy2.fbx" />
    <None Include="Assets\modelData\Enemy3.fbx" />
    <None Include="Assets\modelData\FirstMap.fbx" />
    <None Include="Assets\modelData\FirstStage.fbx" />
    <None Include="Assets\modelData\Gmodel.fbx">
      <Filter>Assets\modelData</Filter>
    </None>
    <None Include="Assets\modelData\healitem.fbx" />
    <None Include="Assets\modelData\MAP.FBX" />
    <None Include="Assets\modelData\Player.fbx" />
    <None Include="Assets\modelData\RobbotBoss.fbx" />
    <None Include="Assets\modelData\RobbotEnemy1.fbx" />
    <None Include="Assets\modelData\RobbotEnemy2.fbx" />
    <None Include="Assets\modelData\Robot_Color.tga" />
    <None Include="Assets\modelData\Wall.fbx" />
    <None Include="Assets\animData\RE1_accumulate.tka" />
    <None Include="Assets\animData\RE1_beforeATK.tka" />
    <None Include="Assets\animData\P_ATK.tka" />
    <None Include="Assets\animData\PlayerCombo.tka" />
    <None Include="Assets\effect\hit.efk" />
    <None Include="Assets\effect\Attack.efk" />
  </ItemGroup>
  <ItemGroup>
    <ImageContentTask Include="Assets\effect\Texture\Burst01.png" />
    <ImageContentTask Include="Assets\effect\Texture\Cloud01.png" />
    <ImageContentTask Include="Assets\effect\Texture\Flame01.png" />
    <ImageContentTask Include="Assets\effect\Texture\LaserMain01.png" />
    <ImageContentTask Include="Assets\effect\Texture\LaserMain02.png" />
    <ImageContentTask Include="Assets\effect\Texture\Particle01.png" />
    <ImageContentTask Include="Assets\effect\Texture\Particle02.png" />
    <ImageContentTask Include="Assets\effect\Texture\Particle03.png" />
    <ImageContentTask Include="Assets\effect\Texture\Particle04_bokashi_hard.png" />
    <ImageContentTask Include="Assets\effect\Texture\Particle04_bokashi_soft.png" />
    <ImageContentTask Include="Assets\effect\Texture\Particle04_bokashistrong_hard.png" />
    <ImageContentTask Include="Assets\effect\Texture\Particle04_bokashistrong_soft.png" />
    <ImageContentTask Include="Assets\effect\Texture\Particle04_clear_soft.png" />
    <ImageContentTask Include="Assets\effect\Texture\Particle04_clear_hard.png" />
    <ImageContentTask Include="Assets\effect\Texture\Splash01.png" />
    <ImageContentTask Include="Assets\effect\Texture\SwordLine01.png" />
    <ImageContentTask Include="Assets\effect\Texture\Thunder01.png" />
    <ImageContentTask Include="Assets\effect\Texture\Wind01.png" />
    <ImageContentTask Include="Assets\effect\Texture\wind02.png" />
    <ImageContentTask Include="Assets\modelData\emission.png" />
    <ImageContentTask Include="Assets\sprite\title.png" />
    <ImageContentTask Include="Assets\sprite\nowroading.png" />
    <ImageContentTask Include="Assets\effect\Texture\burst02_red.png" />
    <ImageContentTask Include="Assets\effect\Texture\clockHand.png" />
  </ItemGroup>
  <ItemGroup>
    <Image Include="Assets\sprite\GameOver.dds" />
  </ItemGroup>
  <ItemGroup>
    <FxCompile Include="Assets\shader\dof.fx" />
    <FxCompile Include="Assets\shader\GaussianBlur.fx" />
    <FxCompile Include="Assets\shader\bloom.fx" />
  </ItemGroup>
  <ItemGroup>
    <Media Include="Assets\sound\PlayerWalk.wav" />
    <Media Include="Assets\sound\BossWalk.wav" />
  </ItemGroup>
</Project>